Microsoft Visual Studio Solution File, Format Version 12.00
# Visual Studio Version 17
VisualStudioVersion = 17.5.2.0
MinimumVisualStudioVersion = 10.0.40219.1
Project("{FAE04EC0-301F-11D3-BF4B-00C04F79EFBC}") = "MyTeamCityProject", "MyTeamCityProject.csproj", "{DAF1DE05-BB0A-0897-9DC2-1B8644F85633}"
EndProject
Global
	GlobalSection(SolutionConfigurationPlatforms) = preSolution
		Debug|Any CPU = Debug|Any CPU
		Release|Any CPU = Release|Any CPU
	EndGlobalSection
	GlobalSection(ProjectConfigurationPlatforms) = postSolution
		{DAF1DE05-BB0A-0897-9DC2-1B8644F85633}.Debug|Any CPU.ActiveCfg = Debug|Any CPU
		{DAF1DE05-BB0A-0897-9DC2-1B8644F85633}.Debug|Any CPU.Build.0 = Debug|Any CPU
		{DAF1DE05-BB0A-0897-9DC2-1B8644F85633}.Release|Any CPU.ActiveCfg = Release|Any CPU
		{DAF1DE05-BB0A-0897-9DC2-1B8644F85633}.Release|Any CPU.Build.0 = Release|Any CPU
	EndGlobalSection
	GlobalSection(SolutionProperties) = preSolution
		HideSolutionNode = FALSE
	EndGlobalSection
	GlobalSection(ExtensibilityGlobals) = postSolution
		SolutionGuid = {070AA3A3-2A03-4870-981D-8F73FA554069}
	EndGlobalSection
EndGlobal
